
Microsoft Visual Studio Solution File, Format Version 12.00
# Visual Studio Version 16
VisualStudioVersion = 16.0.29318.209
MinimumVisualStudioVersion = 10.0.40219.1
Project("{FAE04EC0-301F-11D3-BF4B-00C04F79EFBC}") = "GetStarted", "GetStarted\GetStarted.csproj", "{DCC08EE7-9442-44D4-83E8-71DFA053F096}"
EndProject
Global
	GlobalSection(SolutionConfigurationPlatforms) = preSolution
		Debug|Any CPU = Debug|Any CPU
		Release|Any CPU = Release|Any CPU
	EndGlobalSection
	GlobalSection(ProjectConfigurationPlatforms) = postSolution
		{DCC08EE7-9442-44D4-83E8-71DFA053F096}.Debug|Any CPU.ActiveCfg = Debug|Any CPU
		{DCC08EE7-9442-44D4-83E8-71DFA053F096}.Debug|Any CPU.Build.0 = Debug|Any CPU
		{DCC08EE7-9442-44D4-83E8-71DFA053F096}.Release|Any CPU.ActiveCfg = Release|Any CPU
		{DCC08EE7-9442-44D4-83E8-71DFA053F096}.Release|Any CPU.Build.0 = Release|Any CPU
	EndGlobalSection
	GlobalSection(SolutionProperties) = preSolution
		HideSolutionNode = FALSE
	EndGlobalSection
	GlobalSection(ExtensibilityGlobals) = postSolution
		SolutionGuid = {4DFFFFC4-679E-40F2-9EB7-E0F12545E435}
	EndGlobalSection
EndGlobal
