
Microsoft Visual Studio Solution File, Format Version 12.00
# Visual Studio Version 16
VisualStudioVersion = 16.0.29609.76
MinimumVisualStudioVersion = 10.0.40219.1
Project("{FAE04EC0-301F-11D3-BF4B-00C04F79EFBC}") = "DemoReact", "DemoReact\DemoReact.csproj", "{238845B5-A1E1-4A7C-A082-5E81A044C11F}"
EndProject
Global
	GlobalSection(SolutionConfigurationPlatforms) = preSolution
		Debug|Any CPU = Debug|Any CPU
		Release|Any CPU = Release|Any CPU
	EndGlobalSection
	GlobalSection(ProjectConfigurationPlatforms) = postSolution
		{238845B5-A1E1-4A7C-A082-5E81A044C11F}.Debug|Any CPU.ActiveCfg = Debug|Any CPU
		{238845B5-A1E1-4A7C-A082-5E81A044C11F}.Debug|Any CPU.Build.0 = Debug|Any CPU
		{238845B5-A1E1-4A7C-A082-5E81A044C11F}.Release|Any CPU.ActiveCfg = Release|Any CPU
		{238845B5-A1E1-4A7C-A082-5E81A044C11F}.Release|Any CPU.Build.0 = Release|Any CPU
	EndGlobalSection
	GlobalSection(SolutionProperties) = preSolution
		HideSolutionNode = FALSE
	EndGlobalSection
	GlobalSection(ExtensibilityGlobals) = postSolution
		SolutionGuid = {8DE6DBC8-F717-410F-9BC9-351E39BA4864}
	EndGlobalSection
EndGlobal
