
Microsoft Visual Studio Solution File, Format Version 12.00
# Visual Studio Version 16
VisualStudioVersion = 16.0.30114.105
MinimumVisualStudioVersion = 10.0.40219.1
Project("{FAE04EC0-301F-11D3-BF4B-00C04F79EFBC}") = "TranslatorAPI", "TranslatorAPI\TranslatorAPI.csproj", "{CC57F5AA-1FC6-446C-946C-3863902556A8}"
EndProject
Global
	GlobalSection(SolutionConfigurationPlatforms) = preSolution
		Debug|Any CPU = Debug|Any CPU
		Release|Any CPU = Release|Any CPU
	EndGlobalSection
	GlobalSection(ProjectConfigurationPlatforms) = postSolution
		{CC57F5AA-1FC6-446C-946C-3863902556A8}.Debug|Any CPU.ActiveCfg = Debug|Any CPU
		{CC57F5AA-1FC6-446C-946C-3863902556A8}.Debug|Any CPU.Build.0 = Debug|Any CPU
		{CC57F5AA-1FC6-446C-946C-3863902556A8}.Release|Any CPU.ActiveCfg = Release|Any CPU
		{CC57F5AA-1FC6-446C-946C-3863902556A8}.Release|Any CPU.Build.0 = Release|Any CPU
	EndGlobalSection
	GlobalSection(SolutionProperties) = preSolution
		HideSolutionNode = FALSE
	EndGlobalSection
	GlobalSection(ExtensibilityGlobals) = postSolution
		SolutionGuid = {3F8EF680-D9EC-476D-AFFE-0A61A85B8163}
	EndGlobalSection
EndGlobal
