
Microsoft Visual Studio Solution File, Format Version 12.00
# Visual Studio Version 16
VisualStudioVersion = 16.0.29306.81
MinimumVisualStudioVersion = 10.0.40219.1
Project("{FAE04EC0-301F-11D3-BF4B-00C04F79EFBC}") = "DemoInterface", "DemoInterface\DemoInterface.csproj", "{867AC74E-7443-4757-8735-6B7268B39B64}"
EndProject
Global
	GlobalSection(SolutionConfigurationPlatforms) = preSolution
		Debug|Any CPU = Debug|Any CPU
		Release|Any CPU = Release|Any CPU
	EndGlobalSection
	GlobalSection(ProjectConfigurationPlatforms) = postSolution
		{867AC74E-7443-4757-8735-6B7268B39B64}.Debug|Any CPU.ActiveCfg = Debug|Any CPU
		{867AC74E-7443-4757-8735-6B7268B39B64}.Debug|Any CPU.Build.0 = Debug|Any CPU
		{867AC74E-7443-4757-8735-6B7268B39B64}.Release|Any CPU.ActiveCfg = Release|Any CPU
		{867AC74E-7443-4757-8735-6B7268B39B64}.Release|Any CPU.Build.0 = Release|Any CPU
	EndGlobalSection
	GlobalSection(SolutionProperties) = preSolution
		HideSolutionNode = FALSE
	EndGlobalSection
	GlobalSection(ExtensibilityGlobals) = postSolution
		SolutionGuid = {09925383-BDA9-4DFA-AE47-51C4B45AF955}
	EndGlobalSection
EndGlobal
