
Microsoft Visual Studio Solution File, Format Version 12.00
# Visual Studio Version 16
VisualStudioVersion = 16.0.29306.81
MinimumVisualStudioVersion = 10.0.40219.1
Project("{FAE04EC0-301F-11D3-BF4B-00C04F79EFBC}") = "DemoGeneric", "DemoGeneric\DemoGeneric.csproj", "{F1C48910-C519-4445-8AF1-4C59A1B209E0}"
EndProject
Global
	GlobalSection(SolutionConfigurationPlatforms) = preSolution
		Debug|Any CPU = Debug|Any CPU
		Release|Any CPU = Release|Any CPU
	EndGlobalSection
	GlobalSection(ProjectConfigurationPlatforms) = postSolution
		{F1C48910-C519-4445-8AF1-4C59A1B209E0}.Debug|Any CPU.ActiveCfg = Debug|Any CPU
		{F1C48910-C519-4445-8AF1-4C59A1B209E0}.Debug|Any CPU.Build.0 = Debug|Any CPU
		{F1C48910-C519-4445-8AF1-4C59A1B209E0}.Release|Any CPU.ActiveCfg = Release|Any CPU
		{F1C48910-C519-4445-8AF1-4C59A1B209E0}.Release|Any CPU.Build.0 = Release|Any CPU
	EndGlobalSection
	GlobalSection(SolutionProperties) = preSolution
		HideSolutionNode = FALSE
	EndGlobalSection
	GlobalSection(ExtensibilityGlobals) = postSolution
		SolutionGuid = {E9F7F282-F8A1-477E-A102-94D4C341EE9F}
	EndGlobalSection
EndGlobal
