
Microsoft Visual Studio Solution File, Format Version 12.00
# Visual Studio Version 16
VisualStudioVersion = 16.0.29306.81
MinimumVisualStudioVersion = 10.0.40219.1
Project("{FAE04EC0-301F-11D3-BF4B-00C04F79EFBC}") = "DemoDelegate", "DemoDelegate\DemoDelegate.csproj", "{AE6DAF1A-0628-4494-AF8D-51705D8DF6B0}"
EndProject
Global
	GlobalSection(SolutionConfigurationPlatforms) = preSolution
		Debug|Any CPU = Debug|Any CPU
		Release|Any CPU = Release|Any CPU
	EndGlobalSection
	GlobalSection(ProjectConfigurationPlatforms) = postSolution
		{AE6DAF1A-0628-4494-AF8D-51705D8DF6B0}.Debug|Any CPU.ActiveCfg = Debug|Any CPU
		{AE6DAF1A-0628-4494-AF8D-51705D8DF6B0}.Debug|Any CPU.Build.0 = Debug|Any CPU
		{AE6DAF1A-0628-4494-AF8D-51705D8DF6B0}.Release|Any CPU.ActiveCfg = Release|Any CPU
		{AE6DAF1A-0628-4494-AF8D-51705D8DF6B0}.Release|Any CPU.Build.0 = Release|Any CPU
	EndGlobalSection
	GlobalSection(SolutionProperties) = preSolution
		HideSolutionNode = FALSE
	EndGlobalSection
	GlobalSection(ExtensibilityGlobals) = postSolution
		SolutionGuid = {9A964D03-4732-417F-A2D3-E4002728C3FB}
	EndGlobalSection
EndGlobal
