
Microsoft Visual Studio Solution File, Format Version 12.00
# Visual Studio Version 16
VisualStudioVersion = 16.0.29409.12
MinimumVisualStudioVersion = 10.0.40219.1
Project("{FAE04EC0-301F-11D3-BF4B-00C04F79EFBC}") = "MyServices", "MyServices\MyServices.csproj", "{C7A9EA42-B4A0-45E2-B963-ACC4BB70D06E}"
EndProject
Project("{FAE04EC0-301F-11D3-BF4B-00C04F79EFBC}") = "MyClient", "MyClient\MyClient.csproj", "{1320AC69-A952-4E43-AAFE-B2C7A5C38B96}"
EndProject
Global
	GlobalSection(SolutionConfigurationPlatforms) = preSolution
		Debug|Any CPU = Debug|Any CPU
		Release|Any CPU = Release|Any CPU
	EndGlobalSection
	GlobalSection(ProjectConfigurationPlatforms) = postSolution
		{C7A9EA42-B4A0-45E2-B963-ACC4BB70D06E}.Debug|Any CPU.ActiveCfg = Debug|Any CPU
		{C7A9EA42-B4A0-45E2-B963-ACC4BB70D06E}.Debug|Any CPU.Build.0 = Debug|Any CPU
		{C7A9EA42-B4A0-45E2-B963-ACC4BB70D06E}.Release|Any CPU.ActiveCfg = Release|Any CPU
		{C7A9EA42-B4A0-45E2-B963-ACC4BB70D06E}.Release|Any CPU.Build.0 = Release|Any CPU
		{1320AC69-A952-4E43-AAFE-B2C7A5C38B96}.Debug|Any CPU.ActiveCfg = Debug|Any CPU
		{1320AC69-A952-4E43-AAFE-B2C7A5C38B96}.Debug|Any CPU.Build.0 = Debug|Any CPU
		{1320AC69-A952-4E43-AAFE-B2C7A5C38B96}.Release|Any CPU.ActiveCfg = Release|Any CPU
		{1320AC69-A952-4E43-AAFE-B2C7A5C38B96}.Release|Any CPU.Build.0 = Release|Any CPU
	EndGlobalSection
	GlobalSection(SolutionProperties) = preSolution
		HideSolutionNode = FALSE
	EndGlobalSection
	GlobalSection(ExtensibilityGlobals) = postSolution
		SolutionGuid = {6D331AA7-02D7-49C8-8EAB-971D8FBA8605}
	EndGlobalSection
EndGlobal
